
Microsoft Visual Studio Solution File, Format Version 12.00
# Visual Studio Version 17
VisualStudioVersion = 17.8.34511.84
MinimumVisualStudioVersion = 10.0.40219.1
Project("{FAE04EC0-301F-11D3-BF4B-00C04F79EFBC}") = "dwsh", "dwsh\dwsh.csproj", "{5541CDE6-FFFB-4B00-BE85-2652171FEB92}"
EndProject
Global
	GlobalSection(SolutionConfigurationPlatforms) = preSolution
		Debug|Any CPU = Debug|Any CPU
		Release|Any CPU = Release|Any CPU
	EndGlobalSection
	GlobalSection(ProjectConfigurationPlatforms) = postSolution
		{5541CDE6-FFFB-4B00-BE85-2652171FEB92}.Debug|Any CPU.ActiveCfg = Debug|Any CPU
		{5541CDE6-FFFB-4B00-BE85-2652171FEB92}.Debug|Any CPU.Build.0 = Debug|Any CPU
		{5541CDE6-FFFB-4B00-BE85-2652171FEB92}.Release|Any CPU.ActiveCfg = Release|Any CPU
		{5541CDE6-FFFB-4B00-BE85-2652171FEB92}.Release|Any CPU.Build.0 = Release|Any CPU
	EndGlobalSection
	GlobalSection(SolutionProperties) = preSolution
		HideSolutionNode = FALSE
	EndGlobalSection
	GlobalSection(ExtensibilityGlobals) = postSolution
		SolutionGuid = {3148910E-2AFA-43AF-86F7-3522BA84217C}
	EndGlobalSection
EndGlobal
